
Microsoft Visual Studio Solution File, Format Version 12.00
# Visual Studio Version 16
VisualStudioVersion = 16.0.35826.135
MinimumVisualStudioVersion = 10.0.40219.1
Project("{FAE04EC0-301F-11D3-BF4B-00C04F79EFBC}") = "HastaneOtomosyonu", "FinalKonusu2\HastaneOtomosyonu.csproj", "{76045E6A-6F4D-4660-ACD6-4EEBD342A106}"
EndProject
Global
	GlobalSection(SolutionConfigurationPlatforms) = preSolution
		Debug|Any CPU = Debug|Any CPU
		Release|Any CPU = Release|Any CPU
	EndGlobalSection
	GlobalSection(ProjectConfigurationPlatforms) = postSolution
		{76045E6A-6F4D-4660-ACD6-4EEBD342A106}.Debug|Any CPU.ActiveCfg = Debug|Any CPU
		{76045E6A-6F4D-4660-ACD6-4EEBD342A106}.Debug|Any CPU.Build.0 = Debug|Any CPU
		{76045E6A-6F4D-4660-ACD6-4EEBD342A106}.Release|Any CPU.ActiveCfg = Release|Any CPU
		{76045E6A-6F4D-4660-ACD6-4EEBD342A106}.Release|Any CPU.Build.0 = Release|Any CPU
	EndGlobalSection
	GlobalSection(SolutionProperties) = preSolution
		HideSolutionNode = FALSE
	EndGlobalSection
	GlobalSection(ExtensibilityGlobals) = postSolution
		SolutionGuid = {53DA94D0-346A-494A-AF05-14E5615DDB84}
	EndGlobalSection
EndGlobal
